
Microsoft Visual Studio Solution File, Format Version 12.00
# Visual Studio Version 17
VisualStudioVersion = 17.5.002.0
MinimumVisualStudioVersion = 10.0.40219.1
Project("{9A19103F-16F7-4668-BE54-9A1E7A4F7556}") = "CarRentalAPI", "CarRentalAPI\CarRentalAPI.csproj", "{95E4DDBB-5AE3-4747-956D-E995971AD953}"
EndProject
Global
	GlobalSection(SolutionConfigurationPlatforms) = preSolution
		Debug|Any CPU = Debug|Any CPU
		Release|Any CPU = Release|Any CPU
	EndGlobalSection
	GlobalSection(ProjectConfigurationPlatforms) = postSolution
		{95E4DDBB-5AE3-4747-956D-E995971AD953}.Debug|Any CPU.ActiveCfg = Debug|Any CPU
		{95E4DDBB-5AE3-4747-956D-E995971AD953}.Debug|Any CPU.Build.0 = Debug|Any CPU
		{95E4DDBB-5AE3-4747-956D-E995971AD953}.Release|Any CPU.ActiveCfg = Release|Any CPU
		{95E4DDBB-5AE3-4747-956D-E995971AD953}.Release|Any CPU.Build.0 = Release|Any CPU
	EndGlobalSection
	GlobalSection(SolutionProperties) = preSolution
		HideSolutionNode = FALSE
	EndGlobalSection
	GlobalSection(ExtensibilityGlobals) = postSolution
		SolutionGuid = {96885550-F710-4BFC-97A0-E5E24CEDCFB7}
	EndGlobalSection
EndGlobal
